
Microsoft Visual Studio Solution File, Format Version 12.00
# Visual Studio Version 17
VisualStudioVersion = 17.5.33516.290
MinimumVisualStudioVersion = 10.0.40219.1
Project("{2150E333-8FDC-42A3-9474-1A3956D46DE8}") = "Solution Items", "Solution Items", "{C03FE170-9890-43AC-9C53-5E14EC152539}"
	ProjectSection(SolutionItems) = preProject
		.editorconfig = .editorconfig
		README.md = README.md
	EndProjectSection
EndProject
Project("{FAE04EC0-301F-11D3-BF4B-00C04F79EFBC}") = "Cosmic.Playground.ConsoleApp", "Cosmic.Playground.ConsoleApp\Cosmic.Playground.ConsoleApp.csproj", "{DB9C3434-26D9-4DC1-B7A0-6D74E192CEE7}"
EndProject
Project("{FAE04EC0-301F-11D3-BF4B-00C04F79EFBC}") = "Cosmic.Playground.UnitTests", "Cosmic.Playground.UnitTests\Cosmic.Playground.UnitTests.csproj", "{61723B6E-5392-40E5-845A-CEF61A1FC363}"
EndProject
Project("{FAE04EC0-301F-11D3-BF4B-00C04F79EFBC}") = "Cosmic.Playground.Core", "Cosmic.Playground.Core\Cosmic.Playground.Core.csproj", "{DB2132FB-2610-4CD2-A77E-4B8E0A4D3CD2}"
EndProject
Global
	GlobalSection(SolutionConfigurationPlatforms) = preSolution
		Debug|Any CPU = Debug|Any CPU
		Release|Any CPU = Release|Any CPU
	EndGlobalSection
	GlobalSection(ProjectConfigurationPlatforms) = postSolution
		{DB9C3434-26D9-4DC1-B7A0-6D74E192CEE7}.Debug|Any CPU.ActiveCfg = Debug|Any CPU
		{DB9C3434-26D9-4DC1-B7A0-6D74E192CEE7}.Debug|Any CPU.Build.0 = Debug|Any CPU
		{DB9C3434-26D9-4DC1-B7A0-6D74E192CEE7}.Release|Any CPU.ActiveCfg = Release|Any CPU
		{DB9C3434-26D9-4DC1-B7A0-6D74E192CEE7}.Release|Any CPU.Build.0 = Release|Any CPU
		{61723B6E-5392-40E5-845A-CEF61A1FC363}.Debug|Any CPU.ActiveCfg = Debug|Any CPU
		{61723B6E-5392-40E5-845A-CEF61A1FC363}.Debug|Any CPU.Build.0 = Debug|Any CPU
		{61723B6E-5392-40E5-845A-CEF61A1FC363}.Release|Any CPU.ActiveCfg = Release|Any CPU
		{61723B6E-5392-40E5-845A-CEF61A1FC363}.Release|Any CPU.Build.0 = Release|Any CPU
		{DB2132FB-2610-4CD2-A77E-4B8E0A4D3CD2}.Debug|Any CPU.ActiveCfg = Debug|Any CPU
		{DB2132FB-2610-4CD2-A77E-4B8E0A4D3CD2}.Debug|Any CPU.Build.0 = Debug|Any CPU
		{DB2132FB-2610-4CD2-A77E-4B8E0A4D3CD2}.Release|Any CPU.ActiveCfg = Release|Any CPU
		{DB2132FB-2610-4CD2-A77E-4B8E0A4D3CD2}.Release|Any CPU.Build.0 = Release|Any CPU
	EndGlobalSection
	GlobalSection(SolutionProperties) = preSolution
		HideSolutionNode = FALSE
	EndGlobalSection
	GlobalSection(ExtensibilityGlobals) = postSolution
		SolutionGuid = {2AF9C57E-BA51-4552-B33A-2F9FAF069D0F}
	EndGlobalSection
EndGlobal
